
Microsoft Visual Studio Solution File, Format Version 12.00
# Visual Studio Version 17
VisualStudioVersion = 17.5.33424.131
MinimumVisualStudioVersion = 10.0.40219.1
Project("{FAE04EC0-301F-11D3-BF4B-00C04F79EFBC}") = "Using Async and Await", "Using Async and Await\Using Async and Await.csproj", "{710FCEA6-B410-4BFB-AF62-1E32C339944A}"
EndProject
Global
	GlobalSection(SolutionConfigurationPlatforms) = preSolution
		Debug|Any CPU = Debug|Any CPU
		Release|Any CPU = Release|Any CPU
	EndGlobalSection
	GlobalSection(ProjectConfigurationPlatforms) = postSolution
		{710FCEA6-B410-4BFB-AF62-1E32C339944A}.Debug|Any CPU.ActiveCfg = Debug|Any CPU
		{710FCEA6-B410-4BFB-AF62-1E32C339944A}.Debug|Any CPU.Build.0 = Debug|Any CPU
		{710FCEA6-B410-4BFB-AF62-1E32C339944A}.Release|Any CPU.ActiveCfg = Release|Any CPU
		{710FCEA6-B410-4BFB-AF62-1E32C339944A}.Release|Any CPU.Build.0 = Release|Any CPU
	EndGlobalSection
	GlobalSection(SolutionProperties) = preSolution
		HideSolutionNode = FALSE
	EndGlobalSection
	GlobalSection(ExtensibilityGlobals) = postSolution
		SolutionGuid = {E2E4844F-6DD4-4305-8222-2CAE0C6B2B5B}
	EndGlobalSection
EndGlobal
